
Microsoft Visual Studio Solution File, Format Version 12.00
# Visual Studio 14
VisualStudioVersion = 14.0.23107.0
MinimumVisualStudioVersion = 10.0.40219.1
Project("{2150E333-8FDC-42A3-9474-1A3956D46DE8}") = ".nuget", ".nuget", "{884A64A7-2852-415D-A4F3-79F989B2E992}"
	ProjectSection(SolutionItems) = preProject
		.nuget\NuGet.Config = .nuget\NuGet.Config
		.nuget\nuget.exe = .nuget\nuget.exe
	EndProjectSection
EndProject
Project("{2150E333-8FDC-42A3-9474-1A3956D46DE8}") = "TypeScript.MSBuildTask", "TypeScript.MSBuildTask", "{6FBD1A81-C348-4467-9F76-1EB8A7B12502}"
	ProjectSection(SolutionItems) = preProject
		TypeScript.MSBuildTask\Readme.txt = TypeScript.MSBuildTask\Readme.txt
		TypeScript.MSBuildTask\TypeScript.MSBuildTask.nuspec = TypeScript.MSBuildTask\TypeScript.MSBuildTask.nuspec
	EndProjectSection
EndProject
Project("{2150E333-8FDC-42A3-9474-1A3956D46DE8}") = "tools", "tools", "{9DCD8298-B71C-4B76-A527-D585EE6C4100}"
	ProjectSection(SolutionItems) = preProject
		TypeScript.MSBuildTask\tools\Install.ps1 = TypeScript.MSBuildTask\tools\Install.ps1
		TypeScript.MSBuildTask\tools\ProjectFileTransform.ps1 = TypeScript.MSBuildTask\tools\ProjectFileTransform.ps1
		TypeScript.MSBuildTask\tools\Uninstall.ps1 = TypeScript.MSBuildTask\tools\Uninstall.ps1
	EndProjectSection
	ProjectSection(FolderStartupServices) = postProject
		{82A7F48D-3B50-4B1E-B82E-3ADA8210C358} = {82A7F48D-3B50-4B1E-B82E-3ADA8210C358}
	EndProjectSection
EndProject
Project("{2150E333-8FDC-42A3-9474-1A3956D46DE8}") = "content", "content", "{3A43ACAA-D9EB-4FCE-AAD5-C9E4340B534B}"
	ProjectSection(SolutionItems) = preProject
		TypeScript.MSBuildTask\content\CheckPoint.txt = TypeScript.MSBuildTask\content\CheckPoint.txt
	EndProjectSection
EndProject
Global
	GlobalSection(SolutionProperties) = preSolution
		HideSolutionNode = FALSE
	EndGlobalSection
	GlobalSection(NestedProjects) = preSolution
		{9DCD8298-B71C-4B76-A527-D585EE6C4100} = {6FBD1A81-C348-4467-9F76-1EB8A7B12502}
		{3A43ACAA-D9EB-4FCE-AAD5-C9E4340B534B} = {6FBD1A81-C348-4467-9F76-1EB8A7B12502}
	EndGlobalSection
EndGlobal
